// !$*UTF8*$!
{
	archiveVersion = 1;
	classes = {
	};
	objectVersion = 46;
	objects = {

/* Begin PBXBuildFile section */
		0401A2091EA08151003C82E5 /* EventsTableViewController.swift in Sources */ = {isa = PBXBuildFile; fileRef = 0401A2081EA08151003C82E5 /* EventsTableViewController.swift */; };
		045501F91B898C3200F5614D /* AppDelegate.swift in Sources */ = {isa = PBXBuildFile; fileRef = 045501F81B898C3200F5614D /* AppDelegate.swift */; };
		045501FE1B898C3200F5614D /* Main.storyboard in Resources */ = {isa = PBXBuildFile; fileRef = 045501FC1B898C3200F5614D /* Main.storyboard */; };
		045502001B898C3200F5614D /* Images.xcassets in Resources */ = {isa = PBXBuildFile; fileRef = 045501FF1B898C3200F5614D /* Images.xcassets */; };
		045502031B898C3200F5614D /* LaunchScreen.xib in Resources */ = {isa = PBXBuildFile; fileRef = 045502011B898C3200F5614D /* LaunchScreen.xib */; };
		045502231B898C6600F5614D /* Dwifft.framework in Frameworks */ = {isa = PBXBuildFile; fileRef = 0455021E1B898C5400F5614D /* Dwifft.framework */; };
		045502241B898C6600F5614D /* Dwifft.framework in Embed Frameworks */ = {isa = PBXBuildFile; fileRef = 0455021E1B898C5400F5614D /* Dwifft.framework */; settings = {ATTRIBUTES = (CodeSignOnCopy, RemoveHeadersOnCopy, ); }; };
		0455022B1B898CF000F5614D /* StuffTableViewController.swift in Sources */ = {isa = PBXBuildFile; fileRef = 0455022A1B898CF000F5614D /* StuffTableViewController.swift */; };
		046EA8A01E8CB1AA00FBD07D /* StuffCollectionViewController.swift in Sources */ = {isa = PBXBuildFile; fileRef = 046EA89F1E8CB1AA00FBD07D /* StuffCollectionViewController.swift */; };
		046EA8A31E8CBB9400FBD07D /* Stuff.swift in Sources */ = {isa = PBXBuildFile; fileRef = 046EA8A21E8CBB9400FBD07D /* Stuff.swift */; };
		383AE64D1FADD1AA002B6725 /* AppDelegate.swift in Sources */ = {isa = PBXBuildFile; fileRef = 383AE64C1FADD1AA002B6725 /* AppDelegate.swift */; };
		383AE64F1FADD1AA002B6725 /* StuffTableViewController.swift in Sources */ = {isa = PBXBuildFile; fileRef = 383AE64E1FADD1AA002B6725 /* StuffTableViewController.swift */; };
		383AE6511FADD1AA002B6725 /* Assets.xcassets in Resources */ = {isa = PBXBuildFile; fileRef = 383AE6501FADD1AA002B6725 /* Assets.xcassets */; };
		383AE6541FADD1AA002B6725 /* Main.storyboard in Resources */ = {isa = PBXBuildFile; fileRef = 383AE6521FADD1AA002B6725 /* Main.storyboard */; };
		3869E24B1FADD34400D85AA5 /* Dwifft.framework in Frameworks */ = {isa = PBXBuildFile; fileRef = 383AE65E1FADD1AA002B6725 /* Dwifft.framework */; };
		3869E24C1FADD34400D85AA5 /* Dwifft.framework in Embed Frameworks */ = {isa = PBXBuildFile; fileRef = 383AE65E1FADD1AA002B6725 /* Dwifft.framework */; settings = {ATTRIBUTES = (CodeSignOnCopy, RemoveHeadersOnCopy, ); }; };
		3869E2561FADD5E000D85AA5 /* Stuff.swift in Sources */ = {isa = PBXBuildFile; fileRef = 046EA8A21E8CBB9400FBD07D /* Stuff.swift */; };
		388BB5361FAE0C2200F2952D /* StuffCollectionViewController.swift in Sources */ = {isa = PBXBuildFile; fileRef = 388BB5351FAE0C2200F2952D /* StuffCollectionViewController.swift */; };
		38B70D321FAF328C0049AEA1 /* StuffCollectionViewItem.xib in Resources */ = {isa = PBXBuildFile; fileRef = 38B70D311FAF328C0049AEA1 /* StuffCollectionViewItem.xib */; };
		38B70D371FAF32DB0049AEA1 /* StuffCollectionHeaderView.xib in Resources */ = {isa = PBXBuildFile; fileRef = 38B70D361FAF32DB0049AEA1 /* StuffCollectionHeaderView.xib */; };
		38B70D391FAF33E70049AEA1 /* StuffCollectionViewItem.swift in Sources */ = {isa = PBXBuildFile; fileRef = 38B70D381FAF33E70049AEA1 /* StuffCollectionViewItem.swift */; };
/* End PBXBuildFile section */

/* Begin PBXContainerItemProxy section */
		0455021D1B898C5400F5614D /* PBXContainerItemProxy */ = {
			isa = PBXContainerItemProxy;
			containerPortal = 045502181B898C5400F5614D /* Dwifft.xcodeproj */;
			proxyType = 2;
			remoteGlobalIDString = 041EBB921B89679200E113B3;
			remoteInfo = Dwifft;
		};
		0455021F1B898C5400F5614D /* PBXContainerItemProxy */ = {
			isa = PBXContainerItemProxy;
			containerPortal = 045502181B898C5400F5614D /* Dwifft.xcodeproj */;
			proxyType = 2;
			remoteGlobalIDString = 041EBB9D1B89679200E113B3;
			remoteInfo = DwifftTests;
		};
		045502211B898C5E00F5614D /* PBXContainerItemProxy */ = {
			isa = PBXContainerItemProxy;
			containerPortal = 045502181B898C5400F5614D /* Dwifft.xcodeproj */;
			proxyType = 1;
			remoteGlobalIDString = 041EBB911B89679200E113B3;
			remoteInfo = Dwifft;
		};
		045502251B898C6600F5614D /* PBXContainerItemProxy */ = {
			isa = PBXContainerItemProxy;
			containerPortal = 045502181B898C5400F5614D /* Dwifft.xcodeproj */;
			proxyType = 1;
			remoteGlobalIDString = 041EBB911B89679200E113B3;
			remoteInfo = Dwifft;
		};
		383AE65D1FADD1AA002B6725 /* PBXContainerItemProxy */ = {
			isa = PBXContainerItemProxy;
			containerPortal = 045502181B898C5400F5614D /* Dwifft.xcodeproj */;
			proxyType = 2;
			remoteGlobalIDString = 382DEF421F487395007A8FD2;
			remoteInfo = "Dwifft-macOS";
		};
		383AE65F1FADD1AA002B6725 /* PBXContainerItemProxy */ = {
			isa = PBXContainerItemProxy;
			containerPortal = 045502181B898C5400F5614D /* Dwifft.xcodeproj */;
			proxyType = 2;
			remoteGlobalIDString = 38E5B5E21F7BDB5400F33285;
			remoteInfo = "DwifftTests-macOS";
		};
		3869E24D1FADD34400D85AA5 /* PBXContainerItemProxy */ = {
			isa = PBXContainerItemProxy;
			containerPortal = 045502181B898C5400F5614D /* Dwifft.xcodeproj */;
			proxyType = 1;
			remoteGlobalIDString = 382DEF411F487395007A8FD2;
			remoteInfo = "Dwifft-macOS";
		};
		931446A91F3CA6FB00471406 /* PBXContainerItemProxy */ = {
			isa = PBXContainerItemProxy;
			containerPortal = 045502181B898C5400F5614D /* Dwifft.xcodeproj */;
			proxyType = 2;
			remoteGlobalIDString = 94783CAD1EFBA21900841579;
			remoteInfo = "Dwifft-tvOS";
		};
/* End PBXContainerItemProxy section */

/* Begin PBXCopyFilesBuildPhase section */
		045502271B898C6600F5614D /* Embed Frameworks */ = {
			isa = PBXCopyFilesBuildPhase;
			buildActionMask = 2147483647;
			dstPath = "";
			dstSubfolderSpec = 10;
			files = (
				045502241B898C6600F5614D /* Dwifft.framework in Embed Frameworks */,
			);
			name = "Embed Frameworks";
			runOnlyForDeploymentPostprocessing = 0;
		};
		3869E24F1FADD34400D85AA5 /* Embed Frameworks */ = {
			isa = PBXCopyFilesBuildPhase;
			buildActionMask = 2147483647;
			dstPath = "";
			dstSubfolderSpec = 10;
			files = (
				3869E24C1FADD34400D85AA5 /* Dwifft.framework in Embed Frameworks */,
			);
			name = "Embed Frameworks";
			runOnlyForDeploymentPostprocessing = 0;
		};
/* End PBXCopyFilesBuildPhase section */

/* Begin PBXFileReference section */
		0401A2081EA08151003C82E5 /* EventsTableViewController.swift */ = {isa = PBXFileReference; fileEncoding = 4; lastKnownFileType = sourcecode.swift; path = EventsTableViewController.swift; sourceTree = "<group>"; };
		045501F31B898C3200F5614D /* DwifftExample-iOS.app */ = {isa = PBXFileReference; explicitFileType = wrapper.application; includeInIndex = 0; path = "DwifftExample-iOS.app"; sourceTree = BUILT_PRODUCTS_DIR; };
		045501F71B898C3200F5614D /* Info.plist */ = {isa = PBXFileReference; lastKnownFileType = text.plist.xml; path = Info.plist; sourceTree = "<group>"; };
		045501F81B898C3200F5614D /* AppDelegate.swift */ = {isa = PBXFileReference; lastKnownFileType = sourcecode.swift; path = AppDelegate.swift; sourceTree = "<group>"; };
		045501FD1B898C3200F5614D /* Base */ = {isa = PBXFileReference; lastKnownFileType = file.storyboard; name = Base; path = Base.lproj/Main.storyboard; sourceTree = "<group>"; };
		045501FF1B898C3200F5614D /* Images.xcassets */ = {isa = PBXFileReference; lastKnownFileType = folder.assetcatalog; path = Images.xcassets; sourceTree = "<group>"; };
		045502021B898C3200F5614D /* Base */ = {isa = PBXFileReference; lastKnownFileType = file.xib; name = Base; path = Base.lproj/LaunchScreen.xib; sourceTree = "<group>"; };
		045502181B898C5400F5614D /* Dwifft.xcodeproj */ = {isa = PBXFileReference; lastKnownFileType = "wrapper.pb-project"; name = Dwifft.xcodeproj; path = ../Dwifft.xcodeproj; sourceTree = "<group>"; };
		0455022A1B898CF000F5614D /* StuffTableViewController.swift */ = {isa = PBXFileReference; fileEncoding = 4; lastKnownFileType = sourcecode.swift; path = StuffTableViewController.swift; sourceTree = "<group>"; };
		046EA89F1E8CB1AA00FBD07D /* StuffCollectionViewController.swift */ = {isa = PBXFileReference; fileEncoding = 4; lastKnownFileType = sourcecode.swift; path = StuffCollectionViewController.swift; sourceTree = "<group>"; };
		046EA8A21E8CBB9400FBD07D /* Stuff.swift */ = {isa = PBXFileReference; fileEncoding = 4; lastKnownFileType = sourcecode.swift; path = Stuff.swift; sourceTree = "<group>"; };
		383AE64A1FADD1AA002B6725 /* DwifftExample-macOS.app */ = {isa = PBXFileReference; explicitFileType = wrapper.application; includeInIndex = 0; path = "DwifftExample-macOS.app"; sourceTree = BUILT_PRODUCTS_DIR; };
		383AE64C1FADD1AA002B6725 /* AppDelegate.swift */ = {isa = PBXFileReference; lastKnownFileType = sourcecode.swift; path = AppDelegate.swift; sourceTree = "<group>"; };
		383AE64E1FADD1AA002B6725 /* StuffTableViewController.swift */ = {isa = PBXFileReference; lastKnownFileType = sourcecode.swift; path = StuffTableViewController.swift; sourceTree = "<group>"; };
		383AE6501FADD1AA002B6725 /* Assets.xcassets */ = {isa = PBXFileReference; lastKnownFileType = folder.assetcatalog; path = Assets.xcassets; sourceTree = "<group>"; };
		383AE6531FADD1AA002B6725 /* Base */ = {isa = PBXFileReference; lastKnownFileType = file.storyboard; name = Base; path = Base.lproj/Main.storyboard; sourceTree = "<group>"; };
		383AE6551FADD1AA002B6725 /* Info.plist */ = {isa = PBXFileReference; lastKnownFileType = text.plist.xml; path = Info.plist; sourceTree = "<group>"; };
		383AE6561FADD1AA002B6725 /* DwifftExamples_macOS.entitlements */ = {isa = PBXFileReference; lastKnownFileType = text.plist.entitlements; path = DwifftExamples_macOS.entitlements; sourceTree = "<group>"; };
		388BB5351FAE0C2200F2952D /* StuffCollectionViewController.swift */ = {isa = PBXFileReference; lastKnownFileType = sourcecode.swift; path = StuffCollectionViewController.swift; sourceTree = "<group>"; };
		38B70D311FAF328C0049AEA1 /* StuffCollectionViewItem.xib */ = {isa = PBXFileReference; lastKnownFileType = file.xib; path = StuffCollectionViewItem.xib; sourceTree = "<group>"; };
		38B70D361FAF32DB0049AEA1 /* StuffCollectionHeaderView.xib */ = {isa = PBXFileReference; lastKnownFileType = file.xib; path = StuffCollectionHeaderView.xib; sourceTree = "<group>"; };
		38B70D381FAF33E70049AEA1 /* StuffCollectionViewItem.swift */ = {isa = PBXFileReference; lastKnownFileType = sourcecode.swift; path = StuffCollectionViewItem.swift; sourceTree = "<group>"; };
/* End PBXFileReference section */

/* Begin PBXFrameworksBuildPhase section */
		045501F01B898C3200F5614D /* Frameworks */ = {
			isa = PBXFrameworksBuildPhase;
			buildActionMask = 2147483647;
			files = (
				045502231B898C6600F5614D /* Dwifft.framework in Frameworks */,
			);
			runOnlyForDeploymentPostprocessing = 0;
		};
		383AE6471FADD1AA002B6725 /* Frameworks */ = {
			isa = PBXFrameworksBuildPhase;
			buildActionMask = 2147483647;
			files = (
				3869E24B1FADD34400D85AA5 /* Dwifft.framework in Frameworks */,
			);
			runOnlyForDeploymentPostprocessing = 0;
		};
/* End PBXFrameworksBuildPhase section */

/* Begin PBXGroup section */
		045501EA1B898C3200F5614D = {
			isa = PBXGroup;
			children = (
				045502181B898C5400F5614D /* Dwifft.xcodeproj */,
				3869E2551FADD5B600D85AA5 /* Shared */,
				045501F51B898C3200F5614D /* DwifftExample-iOS */,
				383AE64B1FADD1AA002B6725 /* DwifftExamples-macOS */,
				045501F41B898C3200F5614D /* Products */,
			);
			sourceTree = "<group>";
		};
		045501F41B898C3200F5614D /* Products */ = {
			isa = PBXGroup;
			children = (
				045501F31B898C3200F5614D /* DwifftExample-iOS.app */,
				383AE64A1FADD1AA002B6725 /* DwifftExample-macOS.app */,
			);
			name = Products;
			sourceTree = "<group>";
		};
		045501F51B898C3200F5614D /* DwifftExample-iOS */ = {
			isa = PBXGroup;
			children = (
				045501F81B898C3200F5614D /* AppDelegate.swift */,
				0455022A1B898CF000F5614D /* StuffTableViewController.swift */,
				046EA89F1E8CB1AA00FBD07D /* StuffCollectionViewController.swift */,
				0401A2081EA08151003C82E5 /* EventsTableViewController.swift */,
				045501FC1B898C3200F5614D /* Main.storyboard */,
				045502011B898C3200F5614D /* LaunchScreen.xib */,
				045501F61B898C3200F5614D /* Supporting Files */,
			);
			path = "DwifftExample-iOS";
			sourceTree = "<group>";
		};
		045501F61B898C3200F5614D /* Supporting Files */ = {
			isa = PBXGroup;
			children = (
				045501FF1B898C3200F5614D /* Images.xcassets */,
				045501F71B898C3200F5614D /* Info.plist */,
			);
			path = "Supporting Files";
			sourceTree = "<group>";
		};
		045502191B898C5400F5614D /* Products */ = {
			isa = PBXGroup;
			children = (
				0455021E1B898C5400F5614D /* Dwifft.framework */,
				045502201B898C5400F5614D /* DwifftTests.xctest */,
				931446AA1F3CA6FB00471406 /* Dwifft_tvOS.framework */,
				383AE65E1FADD1AA002B6725 /* Dwifft.framework */,
				383AE6601FADD1AA002B6725 /* DwifftTests-macOS.xctest */,
			);
			name = Products;
			sourceTree = "<group>";
		};
		383AE64B1FADD1AA002B6725 /* DwifftExamples-macOS */ = {
			isa = PBXGroup;
			children = (
				383AE6621FADD237002B6725 /* Supporting Files */,
				383AE64C1FADD1AA002B6725 /* AppDelegate.swift */,
				383AE64E1FADD1AA002B6725 /* StuffTableViewController.swift */,
				388BB5351FAE0C2200F2952D /* StuffCollectionViewController.swift */,
				383AE6521FADD1AA002B6725 /* Main.storyboard */,
				38B70D311FAF328C0049AEA1 /* StuffCollectionViewItem.xib */,
				38B70D361FAF32DB0049AEA1 /* StuffCollectionHeaderView.xib */,
				38B70D381FAF33E70049AEA1 /* StuffCollectionViewItem.swift */,
			);
			path = "DwifftExamples-macOS";
			sourceTree = "<group>";
		};
		383AE6621FADD237002B6725 /* Supporting Files */ = {
			isa = PBXGroup;
			children = (
				383AE6551FADD1AA002B6725 /* Info.plist */,
				383AE6561FADD1AA002B6725 /* DwifftExamples_macOS.entitlements */,
				383AE6501FADD1AA002B6725 /* Assets.xcassets */,
			);
			path = "Supporting Files";
			sourceTree = "<group>";
		};
		3869E2551FADD5B600D85AA5 /* Shared */ = {
			isa = PBXGroup;
			children = (
				046EA8A21E8CBB9400FBD07D /* Stuff.swift */,
			);
			path = Shared;
			sourceTree = "<group>";
		};
/* End PBXGroup section */

/* Begin PBXNativeTarget section */
		045501F21B898C3200F5614D /* DwifftExample-iOS */ = {
			isa = PBXNativeTarget;
			buildConfigurationList = 045502121B898C3200F5614D /* Build configuration list for PBXNativeTarget "DwifftExample-iOS" */;
			buildPhases = (
				045501EF1B898C3200F5614D /* Sources */,
				045501F01B898C3200F5614D /* Frameworks */,
				045501F11B898C3200F5614D /* Resources */,
				045502271B898C6600F5614D /* Embed Frameworks */,
			);
			buildRules = (
			);
			dependencies = (
				045502221B898C5E00F5614D /* PBXTargetDependency */,
				045502261B898C6600F5614D /* PBXTargetDependency */,
			);
			name = "DwifftExample-iOS";
			productName = DwifftExample;
			productReference = 045501F31B898C3200F5614D /* DwifftExample-iOS.app */;
			productType = "com.apple.product-type.application";
		};
		383AE6491FADD1AA002B6725 /* DwifftExample-macOS */ = {
			isa = PBXNativeTarget;
			buildConfigurationList = 383AE6611FADD1AA002B6725 /* Build configuration list for PBXNativeTarget "DwifftExample-macOS" */;
			buildPhases = (
				383AE6461FADD1AA002B6725 /* Sources */,
				383AE6471FADD1AA002B6725 /* Frameworks */,
				383AE6481FADD1AA002B6725 /* Resources */,
				3869E24F1FADD34400D85AA5 /* Embed Frameworks */,
			);
			buildRules = (
			);
			dependencies = (
				3869E24E1FADD34400D85AA5 /* PBXTargetDependency */,
			);
			name = "DwifftExample-macOS";
			productName = "DwifftExamples-macOS";
			productReference = 383AE64A1FADD1AA002B6725 /* DwifftExample-macOS.app */;
			productType = "com.apple.product-type.application";
		};
/* End PBXNativeTarget section */

/* Begin PBXProject section */
		045501EB1B898C3200F5614D /* Project object */ = {
			isa = PBXProject;
			attributes = {
				LastSwiftUpdateCheck = 0910;
				LastUpgradeCheck = 0900;
				ORGANIZATIONNAME = jflinter;
				TargetAttributes = {
					045501F21B898C3200F5614D = {
						CreatedOnToolsVersion = 6.4;
						LastSwiftMigration = 0910;
					};
					383AE6491FADD1AA002B6725 = {
						CreatedOnToolsVersion = 9.1;
						ProvisioningStyle = Automatic;
					};
				};
			};
			buildConfigurationList = 045501EE1B898C3200F5614D /* Build configuration list for PBXProject "DwifftExample" */;
			compatibilityVersion = "Xcode 3.2";
			developmentRegion = English;
			hasScannedForEncodings = 0;
			knownRegions = (
				en,
				Base,
			);
			mainGroup = 045501EA1B898C3200F5614D;
			productRefGroup = 045501F41B898C3200F5614D /* Products */;
			projectDirPath = "";
			projectReferences = (
				{
					ProductGroup = 045502191B898C5400F5614D /* Products */;
					ProjectRef = 045502181B898C5400F5614D /* Dwifft.xcodeproj */;
				},
			);
			projectRoot = "";
			targets = (
				045501F21B898C3200F5614D /* DwifftExample-iOS */,
				383AE6491FADD1AA002B6725 /* DwifftExample-macOS */,
			);
		};
/* End PBXProject section */

/* Begin PBXReferenceProxy section */
		0455021E1B898C5400F5614D /* Dwifft.framework */ = {
			isa = PBXReferenceProxy;
			fileType = wrapper.framework;
			path = Dwifft.framework;
			remoteRef = 0455021D1B898C5400F5614D /* PBXContainerItemProxy */;
			sourceTree = BUILT_PRODUCTS_DIR;
		};
		045502201B898C5400F5614D /* DwifftTests.xctest */ = {
			isa = PBXReferenceProxy;
			fileType = wrapper.cfbundle;
			path = DwifftTests.xctest;
			remoteRef = 0455021F1B898C5400F5614D /* PBXContainerItemProxy */;
			sourceTree = BUILT_PRODUCTS_DIR;
		};
		383AE65E1FADD1AA002B6725 /* Dwifft.framework */ = {
			isa = PBXReferenceProxy;
			fileType = wrapper.framework;
			path = Dwifft.framework;
			remoteRef = 383AE65D1FADD1AA002B6725 /* PBXContainerItemProxy */;
			sourceTree = BUILT_PRODUCTS_DIR;
		};
		383AE6601FADD1AA002B6725 /* DwifftTests-macOS.xctest */ = {
			isa = PBXReferenceProxy;
			fileType = wrapper.cfbundle;
			path = "DwifftTests-macOS.xctest";
			remoteRef = 383AE65F1FADD1AA002B6725 /* PBXContainerItemProxy */;
			sourceTree = BUILT_PRODUCTS_DIR;
		};
		931446AA1F3CA6FB00471406 /* Dwifft_tvOS.framework */ = {
			isa = PBXReferenceProxy;
			fileType = wrapper.framework;
			path = Dwifft_tvOS.framework;
			remoteRef = 931446A91F3CA6FB00471406 /* PBXContainerItemProxy */;
			sourceTree = BUILT_PRODUCTS_DIR;
		};
/* End PBXReferenceProxy section */

/* Begin PBXResourcesBuildPhase section */
		045501F11B898C3200F5614D /* Resources */ = {
			isa = PBXResourcesBuildPhase;
			buildActionMask = 2147483647;
			files = (
				045501FE1B898C3200F5614D /* Main.storyboard in Resources */,
				045502031B898C3200F5614D /* LaunchScreen.xib in Resources */,
				045502001B898C3200F5614D /* Images.xcassets in Resources */,
			);
			runOnlyForDeploymentPostprocessing = 0;
		};
		383AE6481FADD1AA002B6725 /* Resources */ = {
			isa = PBXResourcesBuildPhase;
			buildActionMask = 2147483647;
			files = (
				383AE6511FADD1AA002B6725 /* Assets.xcassets in Resources */,
				383AE6541FADD1AA002B6725 /* Main.storyboard in Resources */,
				38B70D321FAF328C0049AEA1 /* StuffCollectionViewItem.xib in Resources */,
				38B70D371FAF32DB0049AEA1 /* StuffCollectionHeaderView.xib in Resources */,
			);
			runOnlyForDeploymentPostprocessing = 0;
		};
/* End PBXResourcesBuildPhase section */

/* Begin PBXSourcesBuildPhase section */
		045501EF1B898C3200F5614D /* Sources */ = {
			isa = PBXSourcesBuildPhase;
			buildActionMask = 2147483647;
			files = (
				045501F91B898C3200F5614D /* AppDelegate.swift in Sources */,
				046EA8A01E8CB1AA00FBD07D /* StuffCollectionViewController.swift in Sources */,
				046EA8A31E8CBB9400FBD07D /* Stuff.swift in Sources */,
				0401A2091EA08151003C82E5 /* EventsTableViewController.swift in Sources */,
				0455022B1B898CF000F5614D /* StuffTableViewController.swift in Sources */,
			);
			runOnlyForDeploymentPostprocessing = 0;
		};
		383AE6461FADD1AA002B6725 /* Sources */ = {
			isa = PBXSourcesBuildPhase;
			buildActionMask = 2147483647;
			files = (
				383AE64F1FADD1AA002B6725 /* StuffTableViewController.swift in Sources */,
				38B70D391FAF33E70049AEA1 /* StuffCollectionViewItem.swift in Sources */,
				388BB5361FAE0C2200F2952D /* StuffCollectionViewController.swift in Sources */,
				383AE64D1FADD1AA002B6725 /* AppDelegate.swift in Sources */,
				3869E2561FADD5E000D85AA5 /* Stuff.swift in Sources */,
			);
			runOnlyForDeploymentPostprocessing = 0;
		};
/* End PBXSourcesBuildPhase section */

/* Begin PBXTargetDependency section */
		045502221B898C5E00F5614D /* PBXTargetDependency */ = {
			isa = PBXTargetDependency;
			name = Dwifft;
			targetProxy = 045502211B898C5E00F5614D /* PBXContainerItemProxy */;
		};
		045502261B898C6600F5614D /* PBXTargetDependency */ = {
			isa = PBXTargetDependency;
			name = Dwifft;
			targetProxy = 045502251B898C6600F5614D /* PBXContainerItemProxy */;
		};
		3869E24E1FADD34400D85AA5 /* PBXTargetDependency */ = {
			isa = PBXTargetDependency;
			name = "Dwifft-macOS";
			targetProxy = 3869E24D1FADD34400D85AA5 /* PBXContainerItemProxy */;
		};
/* End PBXTargetDependency section */

/* Begin PBXVariantGroup section */
		045501FC1B898C3200F5614D /* Main.storyboard */ = {
			isa = PBXVariantGroup;
			children = (
				045501FD1B898C3200F5614D /* Base */,
			);
			name = Main.storyboard;
			sourceTree = "<group>";
		};
		045502011B898C3200F5614D /* LaunchScreen.xib */ = {
			isa = PBXVariantGroup;
			children = (
				045502021B898C3200F5614D /* Base */,
			);
			name = LaunchScreen.xib;
			sourceTree = "<group>";
		};
		383AE6521FADD1AA002B6725 /* Main.storyboard */ = {
			isa = PBXVariantGroup;
			children = (
				383AE6531FADD1AA002B6725 /* Base */,
			);
			name = Main.storyboard;
			sourceTree = "<group>";
		};
/* End PBXVariantGroup section */

/* Begin XCBuildConfiguration section */
		045502101B898C3200F5614D /* Debug */ = {
			isa = XCBuildConfiguration;
			buildSettings = {
				ALWAYS_SEARCH_USER_PATHS = NO;
				CLANG_CXX_LANGUAGE_STANDARD = "gnu++0x";
				CLANG_CXX_LIBRARY = "libc++";
				CLANG_ENABLE_MODULES = YES;
				CLANG_ENABLE_OBJC_ARC = YES;
				CLANG_WARN_BLOCK_CAPTURE_AUTORELEASING = YES;
				CLANG_WARN_BOOL_CONVERSION = YES;
				CLANG_WARN_COMMA = YES;
				CLANG_WARN_CONSTANT_CONVERSION = YES;
				CLANG_WARN_DIRECT_OBJC_ISA_USAGE = YES_ERROR;
				CLANG_WARN_EMPTY_BODY = YES;
				CLANG_WARN_ENUM_CONVERSION = YES;
				CLANG_WARN_INFINITE_RECURSION = YES;
				CLANG_WARN_INT_CONVERSION = YES;
				CLANG_WARN_NON_LITERAL_NULL_CONVERSION = YES;
				CLANG_WARN_OBJC_LITERAL_CONVERSION = YES;
				CLANG_WARN_OBJC_ROOT_CLASS = YES_ERROR;
				CLANG_WARN_RANGE_LOOP_ANALYSIS = YES;
				CLANG_WARN_STRICT_PROTOTYPES = YES;
				CLANG_WARN_SUSPICIOUS_MOVE = YES;
				CLANG_WARN_UNREACHABLE_CODE = YES;
				CLANG_WARN__DUPLICATE_METHOD_MATCH = YES;
				"CODE_SIGN_IDENTITY[sdk=iphoneos*]" = "iPhone Developer";
				COPY_PHASE_STRIP = NO;
				DEBUG_INFORMATION_FORMAT = "dwarf-with-dsym";
				ENABLE_STRICT_OBJC_MSGSEND = YES;
				ENABLE_TESTABILITY = YES;
				GCC_C_LANGUAGE_STANDARD = gnu99;
				GCC_DYNAMIC_NO_PIC = NO;
				GCC_NO_COMMON_BLOCKS = YES;
				GCC_OPTIMIZATION_LEVEL = 0;
				GCC_PREPROCESSOR_DEFINITIONS = (
					"DEBUG=1",
					"$(inherited)",
				);
				GCC_SYMBOLS_PRIVATE_EXTERN = NO;
				GCC_WARN_64_TO_32_BIT_CONVERSION = YES;
				GCC_WARN_ABOUT_RETURN_TYPE = YES_ERROR;
				GCC_WARN_UNDECLARED_SELECTOR = YES;
				GCC_WARN_UNINITIALIZED_AUTOS = YES_AGGRESSIVE;
				GCC_WARN_UNUSED_FUNCTION = YES;
				GCC_WARN_UNUSED_VARIABLE = YES;
				IPHONEOS_DEPLOYMENT_TARGET = 8.4;
				MTL_ENABLE_DEBUG_INFO = YES;
				ONLY_ACTIVE_ARCH = YES;
				SDKROOT = iphoneos;
				SWIFT_OPTIMIZATION_LEVEL = "-Onone";
			};
			name = Debug;
		};
		045502111B898C3200F5614D /* Release */ = {
			isa = XCBuildConfiguration;
			buildSettings = {
				ALWAYS_SEARCH_USER_PATHS = NO;
				CLANG_CXX_LANGUAGE_STANDARD = "gnu++0x";
				CLANG_CXX_LIBRARY = "libc++";
				CLANG_ENABLE_MODULES = YES;
				CLANG_ENABLE_OBJC_ARC = YES;
				CLANG_WARN_BLOCK_CAPTURE_AUTORELEASING = YES;
				CLANG_WARN_BOOL_CONVERSION = YES;
				CLANG_WARN_COMMA = YES;
				CLANG_WARN_CONSTANT_CONVERSION = YES;
				CLANG_WARN_DIRECT_OBJC_ISA_USAGE = YES_ERROR;
				CLANG_WARN_EMPTY_BODY = YES;
				CLANG_WARN_ENUM_CONVERSION = YES;
				CLANG_WARN_INFINITE_RECURSION = YES;
				CLANG_WARN_INT_CONVERSION = YES;
				CLANG_WARN_NON_LITERAL_NULL_CONVERSION = YES;
				CLANG_WARN_OBJC_LITERAL_CONVERSION = YES;
				CLANG_WARN_OBJC_ROOT_CLASS = YES_ERROR;
				CLANG_WARN_RANGE_LOOP_ANALYSIS = YES;
				CLANG_WARN_STRICT_PROTOTYPES = YES;
				CLANG_WARN_SUSPICIOUS_MOVE = YES;
				CLANG_WARN_UNREACHABLE_CODE = YES;
				CLANG_WARN__DUPLICATE_METHOD_MATCH = YES;
				"CODE_SIGN_IDENTITY[sdk=iphoneos*]" = "iPhone Developer";
				COPY_PHASE_STRIP = NO;
				DEBUG_INFORMATION_FORMAT = "dwarf-with-dsym";
				ENABLE_NS_ASSERTIONS = NO;
				ENABLE_STRICT_OBJC_MSGSEND = YES;
				GCC_C_LANGUAGE_STANDARD = gnu99;
				GCC_NO_COMMON_BLOCKS = YES;
				GCC_WARN_64_TO_32_BIT_CONVERSION = YES;
				GCC_WARN_ABOUT_RETURN_TYPE = YES_ERROR;
				GCC_WARN_UNDECLARED_SELECTOR = YES;
				GCC_WARN_UNINITIALIZED_AUTOS = YES_AGGRESSIVE;
				GCC_WARN_UNUSED_FUNCTION = YES;
				GCC_WARN_UNUSED_VARIABLE = YES;
				IPHONEOS_DEPLOYMENT_TARGET = 8.4;
				MTL_ENABLE_DEBUG_INFO = NO;
				SDKROOT = iphoneos;
				SWIFT_OPTIMIZATION_LEVEL = "-Owholemodule";
				VALIDATE_PRODUCT = YES;
			};
			name = Release;
		};
		045502131B898C3200F5614D /* Debug */ = {
			isa = XCBuildConfiguration;
			buildSettings = {
				ASSETCATALOG_COMPILER_APPICON_NAME = AppIcon;
				IBC_NOTICES = NO;
				IBC_WARNINGS = NO;
				IBSC_NOTICES = NO;
				IBSC_WARNINGS = NO;
				INFOPLIST_FILE = "DwifftExample-iOS/Supporting Files/Info.plist";
				IPHONEOS_DEPLOYMENT_TARGET = 10.0;
				LD_RUNPATH_SEARCH_PATHS = "$(inherited) @executable_path/Frameworks";
				PRODUCT_BUNDLE_IDENTIFIER = "com.jflinter.$(PRODUCT_NAME:rfc1034identifier)";
				PRODUCT_NAME = "$(TARGET_NAME)";
				SWIFT_SWIFT3_OBJC_INFERENCE = Default;
				SWIFT_VERSION = 4.0;
			};
			name = Debug;
		};
		045502141B898C3200F5614D /* Release */ = {
			isa = XCBuildConfiguration;
			buildSettings = {
				ASSETCATALOG_COMPILER_APPICON_NAME = AppIcon;
				IBC_NOTICES = NO;
				IBC_WARNINGS = NO;
				IBSC_NOTICES = NO;
				IBSC_WARNINGS = NO;
				INFOPLIST_FILE = "DwifftExample-iOS/Supporting Files/Info.plist";
				IPHONEOS_DEPLOYMENT_TARGET = 10.0;
				LD_RUNPATH_SEARCH_PATHS = "$(inherited) @executable_path/Frameworks";
				PRODUCT_BUNDLE_IDENTIFIER = "com.jflinter.$(PRODUCT_NAME:rfc1034identifier)";
				PRODUCT_NAME = "$(TARGET_NAME)";
				SWIFT_SWIFT3_OBJC_INFERENCE = Default;
				SWIFT_VERSION = 4.0;
			};
			name = Release;
		};
		383AE6571FADD1AA002B6725 /* Debug */ = {
			isa = XCBuildConfiguration;
			buildSettings = {
				ALWAYS_EMBED_SWIFT_STANDARD_LIBRARIES = YES;
				ASSETCATALOG_COMPILER_APPICON_NAME = AppIcon;
				CLANG_ANALYZER_NONNULL = YES;
				CLANG_ANALYZER_NUMBER_OBJECT_CONVERSION = YES_AGGRESSIVE;
				CLANG_CXX_LANGUAGE_STANDARD = "gnu++14";
				CLANG_WARN_DOCUMENTATION_COMMENTS = YES;
				CLANG_WARN_UNGUARDED_AVAILABILITY = YES_AGGRESSIVE;
				CODE_SIGN_ENTITLEMENTS = "DwifftExamples-macOS/Supporting Files/DwifftExamples_macOS.entitlements";
				CODE_SIGN_IDENTITY = "-";
				CODE_SIGN_STYLE = Automatic;
				COMBINE_HIDPI_IMAGES = YES;
				DEBUG_INFORMATION_FORMAT = dwarf;
				GCC_C_LANGUAGE_STANDARD = gnu11;
				INFOPLIST_FILE = "DwifftExamples-macOS/Supporting Files/Info.plist";
				LD_RUNPATH_SEARCH_PATHS = "$(inherited) @executable_path/../Frameworks";
				MACOSX_DEPLOYMENT_TARGET = 10.11;
				PRODUCT_BUNDLE_IDENTIFIER = "com.jflinter.DwifftExamples-macOS";
				PRODUCT_NAME = "$(TARGET_NAME)";
				SDKROOT = macosx;
				SWIFT_ACTIVE_COMPILATION_CONDITIONS = DEBUG;
				SWIFT_VERSION = 4.0;
			};
			name = Debug;
		};
		383AE6581FADD1AA002B6725 /* Release */ = {
			isa = XCBuildConfiguration;
			buildSettings = {
				ALWAYS_EMBED_SWIFT_STANDARD_LIBRARIES = YES;
				ASSETCATALOG_COMPILER_APPICON_NAME = AppIcon;
				CLANG_ANALYZER_NONNULL = YES;
				CLANG_ANALYZER_NUMBER_OBJECT_CONVERSION = YES_AGGRESSIVE;
				CLANG_CXX_LANGUAGE_STANDARD = "gnu++14";
				CLANG_WARN_DOCUMENTATION_COMMENTS = YES;
				CLANG_WARN_UNGUARDED_AVAILABILITY = YES_AGGRESSIVE;
				CODE_SIGN_ENTITLEMENTS = "DwifftExamples-macOS/Supporting Files/DwifftExamples_macOS.entitlements";
				CODE_SIGN_IDENTITY = "-";
				CODE_SIGN_STYLE = Automatic;
				COMBINE_HIDPI_IMAGES = YES;
				GCC_C_LANGUAGE_STANDARD = gnu11;
				INFOPLIST_FILE = "DwifftExamples-macOS/Supporting Files/Info.plist";
				LD_RUNPATH_SEARCH_PATHS = "$(inherited) @executable_path/../Frameworks";
				MACOSX_DEPLOYMENT_TARGET = 10.11;
				PRODUCT_BUNDLE_IDENTIFIER = "com.jflinter.DwifftExamples-macOS";
				PRODUCT_NAME = "$(TARGET_NAME)";
				SDKROOT = macosx;
				SWIFT_VERSION = 4.0;
			};
			name = Release;
		};
/* End XCBuildConfiguration section */

/* Begin XCConfigurationList section */
		045501EE1B898C3200F5614D /* Build configuration list for PBXProject "DwifftExample" */ = {
			isa = XCConfigurationList;
			buildConfigurations = (
				045502101B898C3200F5614D /* Debug */,
				045502111B898C3200F5614D /* Release */,
			);
			defaultConfigurationIsVisible = 0;
			defaultConfigurationName = Release;
		};
		045502121B898C3200F5614D /* Build configuration list for PBXNativeTarget "DwifftExample-iOS" */ = {
			isa = XCConfigurationList;
			buildConfigurations = (
				045502131B898C3200F5614D /* Debug */,
				045502141B898C3200F5614D /* Release */,
			);
			defaultConfigurationIsVisible = 0;
			defaultConfigurationName = Release;
		};
		383AE6611FADD1AA002B6725 /* Build configuration list for PBXNativeTarget "DwifftExample-macOS" */ = {
			isa = XCConfigurationList;
			buildConfigurations = (
				383AE6571FADD1AA002B6725 /* Debug */,
				383AE6581FADD1AA002B6725 /* Release */,
			);
			defaultConfigurationIsVisible = 0;
			defaultConfigurationName = Release;
		};
/* End XCConfigurationList section */
	};
	rootObject = 045501EB1B898C3200F5614D /* Project object */;
}
